
Microsoft Visual Studio Solution File, Format Version 12.00
# Visual Studio 15
VisualStudioVersion = 15.0.27428.1
MinimumVisualStudioVersion = 10.0.40219.1
Project("{FAE04EC0-301F-11D3-BF4B-00C04F79EFBC}") = "Ocelot.Sample.ApiGateway", "src\Ocelot.Sample.ApiGateway\Ocelot.Sample.ApiGateway.csproj", "{88A8E949-71D9-43A2-9D60-2A00EEAFAF27}"
EndProject
Project("{FAE04EC0-301F-11D3-BF4B-00C04F79EFBC}") = "Ocelot.Sample.Api.UserService", "src\Ocelot.Sample.Api.UserService\Ocelot.Sample.Api.UserService.csproj", "{61554162-7202-4C72-9EED-328961CA7916}"
EndProject
Project("{FAE04EC0-301F-11D3-BF4B-00C04F79EFBC}") = "Ocelot.Sample.Api.ProductService", "src\Ocelot.Sample.Api.ProductService\Ocelot.Sample.Api.ProductService.csproj", "{9D01AB19-4E00-4E73-8F42-629C24C8949A}"
EndProject
Global
	GlobalSection(SolutionConfigurationPlatforms) = preSolution
		Debug|Any CPU = Debug|Any CPU
		Release|Any CPU = Release|Any CPU
	EndGlobalSection
	GlobalSection(ProjectConfigurationPlatforms) = postSolution
		{88A8E949-71D9-43A2-9D60-2A00EEAFAF27}.Debug|Any CPU.ActiveCfg = Debug|Any CPU
		{88A8E949-71D9-43A2-9D60-2A00EEAFAF27}.Debug|Any CPU.Build.0 = Debug|Any CPU
		{88A8E949-71D9-43A2-9D60-2A00EEAFAF27}.Release|Any CPU.ActiveCfg = Release|Any CPU
		{88A8E949-71D9-43A2-9D60-2A00EEAFAF27}.Release|Any CPU.Build.0 = Release|Any CPU
		{61554162-7202-4C72-9EED-328961CA7916}.Debug|Any CPU.ActiveCfg = Debug|Any CPU
		{61554162-7202-4C72-9EED-328961CA7916}.Debug|Any CPU.Build.0 = Debug|Any CPU
		{61554162-7202-4C72-9EED-328961CA7916}.Release|Any CPU.ActiveCfg = Release|Any CPU
		{61554162-7202-4C72-9EED-328961CA7916}.Release|Any CPU.Build.0 = Release|Any CPU
		{9D01AB19-4E00-4E73-8F42-629C24C8949A}.Debug|Any CPU.ActiveCfg = Debug|Any CPU
		{9D01AB19-4E00-4E73-8F42-629C24C8949A}.Debug|Any CPU.Build.0 = Debug|Any CPU
		{9D01AB19-4E00-4E73-8F42-629C24C8949A}.Release|Any CPU.ActiveCfg = Release|Any CPU
		{9D01AB19-4E00-4E73-8F42-629C24C8949A}.Release|Any CPU.Build.0 = Release|Any CPU
	EndGlobalSection
	GlobalSection(SolutionProperties) = preSolution
		HideSolutionNode = FALSE
	EndGlobalSection
	GlobalSection(ExtensibilityGlobals) = postSolution
		SolutionGuid = {5E7B4D26-6826-45AA-A440-D0A245DAD15A}
	EndGlobalSection
EndGlobal
